// !$*UTF8*$!
{
	archiveVersion = 1;
	classes = {
	};
	objectVersion = 77;
	objects = {

/* Begin PBXBuildFile section */
		26302ACD2E45DC36002DAAB1 /* Cloudinary in Frameworks */ = {isa = PBXBuildFile; productRef = 26302ACC2E45DC36002DAAB1 /* Cloudinary */; };
		26302AD82E466AD6002DAAB1 /* Starscream in Frameworks */ = {isa = PBXBuildFile; productRef = 26302AD72E466AD6002DAAB1 /* Starscream */; };
		26302ADB2E4715E6002DAAB1 /* Cache in Frameworks */ = {isa = PBXBuildFile; productRef = 26302ADA2E4715E6002DAAB1 /* Cache */; };
		26302ADE2E476168002DAAB1 /* SocketIO in Frameworks */ = {isa = PBXBuildFile; productRef = 26302ADD2E476168002DAAB1 /* SocketIO */; };
		2649793F2E193554002A4B7B /* SwiftUICharts in Frameworks */ = {isa = PBXBuildFile; productRef = 2649793E2E193554002A4B7B /* SwiftUICharts */; };
		264979452E193940002A4B7B /* DGCharts in Frameworks */ = {isa = PBXBuildFile; productRef = 264979442E193940002A4B7B /* DGCharts */; };
		266283F42E82A1AC001D9DFA /* SDWebImageSwiftUI in Frameworks */ = {isa = PBXBuildFile; productRef = 266283F32E82A1AC001D9DFA /* SDWebImageSwiftUI */; };
		26A257532E51CD4B008858F5 /* .gitignore in Resources */ = {isa = PBXBuildFile; fileRef = 26A256FF2E51CD4B008858F5 /* .gitignore */; };
		26DB83272E27AEA100BF6F0F /* Lottie in Frameworks */ = {isa = PBXBuildFile; productRef = 26DB83262E27AEA100BF6F0F /* Lottie */; };
		26DB83382E29477100BF6F0F /* WaterfallGrid in Frameworks */ = {isa = PBXBuildFile; productRef = 26DB83372E29477100BF6F0F /* WaterfallGrid */; };
/* End PBXBuildFile section */

/* Begin PBXContainerItemProxy section */
		2649786E2E13B439002A4B7B /* PBXContainerItemProxy */ = {
			isa = PBXContainerItemProxy;
			containerPortal = 264978582E13B439002A4B7B /* Project object */;
			proxyType = 1;
			remoteGlobalIDString = 2649785F2E13B439002A4B7B;
			remoteInfo = TravelPlanner;
		};
		264978782E13B439002A4B7B /* PBXContainerItemProxy */ = {
			isa = PBXContainerItemProxy;
			containerPortal = 264978582E13B439002A4B7B /* Project object */;
			proxyType = 1;
			remoteGlobalIDString = 2649785F2E13B439002A4B7B;
			remoteInfo = TravelPlanner;
		};
/* End PBXContainerItemProxy section */

/* Begin PBXFileReference section */
		264978602E13B439002A4B7B /* TravelPlanner.app */ = {isa = PBXFileReference; explicitFileType = wrapper.application; includeInIndex = 0; path = TravelPlanner.app; sourceTree = BUILT_PRODUCTS_DIR; };
		2649786D2E13B439002A4B7B /* TravelPlannerTests.xctest */ = {isa = PBXFileReference; explicitFileType = wrapper.cfbundle; includeInIndex = 0; path = TravelPlannerTests.xctest; sourceTree = BUILT_PRODUCTS_DIR; };
		264978772E13B439002A4B7B /* TravelPlannerUITests.xctest */ = {isa = PBXFileReference; explicitFileType = wrapper.cfbundle; includeInIndex = 0; path = TravelPlannerUITests.xctest; sourceTree = BUILT_PRODUCTS_DIR; };
		26A256FF2E51CD4B008858F5 /* .gitignore */ = {isa = PBXFileReference; lastKnownFileType = text; path = .gitignore; sourceTree = "<group>"; };
/* End PBXFileReference section */

/* Begin PBXFileSystemSynchronizedBuildFileExceptionSet section */
		26DB83202E26A44500BF6F0F /* Exceptions for "TravelPlanner" folder in "TravelPlanner" target */ = {
			isa = PBXFileSystemSynchronizedBuildFileExceptionSet;
			membershipExceptions = (
				Info.plist,
			);
			target = 2649785F2E13B439002A4B7B /* TravelPlanner */;
		};
/* End PBXFileSystemSynchronizedBuildFileExceptionSet section */

/* Begin PBXFileSystemSynchronizedRootGroup section */
		264978622E13B439002A4B7B /* TravelPlanner */ = {
			isa = PBXFileSystemSynchronizedRootGroup;
			exceptions = (
				26DB83202E26A44500BF6F0F /* Exceptions for "TravelPlanner" folder in "TravelPlanner" target */,
			);
			path = TravelPlanner;
			sourceTree = "<group>";
		};
		264978702E13B439002A4B7B /* TravelPlannerTests */ = {
			isa = PBXFileSystemSynchronizedRootGroup;
			path = TravelPlannerTests;
			sourceTree = "<group>";
		};
		2649787A2E13B439002A4B7B /* TravelPlannerUITests */ = {
			isa = PBXFileSystemSynchronizedRootGroup;
			path = TravelPlannerUITests;
			sourceTree = "<group>";
		};
/* End PBXFileSystemSynchronizedRootGroup section */

/* Begin PBXFrameworksBuildPhase section */
		2649785D2E13B439002A4B7B /* Frameworks */ = {
			isa = PBXFrameworksBuildPhase;
			buildActionMask = 2147483647;
			files = (
				264979452E193940002A4B7B /* DGCharts in Frameworks */,
				26302ADE2E476168002DAAB1 /* SocketIO in Frameworks */,
				26302ADB2E4715E6002DAAB1 /* Cache in Frameworks */,
				266283F42E82A1AC001D9DFA /* SDWebImageSwiftUI in Frameworks */,
				26DB83382E29477100BF6F0F /* WaterfallGrid in Frameworks */,
				26302ACD2E45DC36002DAAB1 /* Cloudinary in Frameworks */,
				2649793F2E193554002A4B7B /* SwiftUICharts in Frameworks */,
				26DB83272E27AEA100BF6F0F /* Lottie in Frameworks */,
				26302AD82E466AD6002DAAB1 /* Starscream in Frameworks */,
			);
			runOnlyForDeploymentPostprocessing = 0;
		};
		2649786A2E13B439002A4B7B /* Frameworks */ = {
			isa = PBXFrameworksBuildPhase;
			buildActionMask = 2147483647;
			files = (
			);
			runOnlyForDeploymentPostprocessing = 0;
		};
		264978742E13B439002A4B7B /* Frameworks */ = {
			isa = PBXFrameworksBuildPhase;
			buildActionMask = 2147483647;
			files = (
			);
			runOnlyForDeploymentPostprocessing = 0;
		};
/* End PBXFrameworksBuildPhase section */

/* Begin PBXGroup section */
		264978572E13B439002A4B7B = {
			isa = PBXGroup;
			children = (
				26A256FF2E51CD4B008858F5 /* .gitignore */,
				264978622E13B439002A4B7B /* TravelPlanner */,
				264978702E13B439002A4B7B /* TravelPlannerTests */,
				2649787A2E13B439002A4B7B /* TravelPlannerUITests */,
				264978612E13B439002A4B7B /* Products */,
			);
			sourceTree = "<group>";
		};
		264978612E13B439002A4B7B /* Products */ = {
			isa = PBXGroup;
			children = (
				264978602E13B439002A4B7B /* TravelPlanner.app */,
				2649786D2E13B439002A4B7B /* TravelPlannerTests.xctest */,
				264978772E13B439002A4B7B /* TravelPlannerUITests.xctest */,
			);
			name = Products;
			sourceTree = "<group>";
		};
/* End PBXGroup section */

/* Begin PBXNativeTarget section */
		2649785F2E13B439002A4B7B /* TravelPlanner */ = {
			isa = PBXNativeTarget;
			buildConfigurationList = 264978812E13B439002A4B7B /* Build configuration list for PBXNativeTarget "TravelPlanner" */;
			buildPhases = (
				2649785C2E13B439002A4B7B /* Sources */,
				2649785D2E13B439002A4B7B /* Frameworks */,
				2649785E2E13B439002A4B7B /* Resources */,
			);
			buildRules = (
			);
			dependencies = (
			);
			fileSystemSynchronizedGroups = (
				264978622E13B439002A4B7B /* TravelPlanner */,
			);
			name = TravelPlanner;
			packageProductDependencies = (
				2649793E2E193554002A4B7B /* SwiftUICharts */,
				264979442E193940002A4B7B /* DGCharts */,
				26DB83262E27AEA100BF6F0F /* Lottie */,
				26DB83372E29477100BF6F0F /* WaterfallGrid */,
				26302ACC2E45DC36002DAAB1 /* Cloudinary */,
				26302AD72E466AD6002DAAB1 /* Starscream */,
				26302ADA2E4715E6002DAAB1 /* Cache */,
				26302ADD2E476168002DAAB1 /* SocketIO */,
				266283F32E82A1AC001D9DFA /* SDWebImageSwiftUI */,
			);
			productName = TravelPlanner;
			productReference = 264978602E13B439002A4B7B /* TravelPlanner.app */;
			productType = "com.apple.product-type.application";
		};
		2649786C2E13B439002A4B7B /* TravelPlannerTests */ = {
			isa = PBXNativeTarget;
			buildConfigurationList = 264978842E13B439002A4B7B /* Build configuration list for PBXNativeTarget "TravelPlannerTests" */;
			buildPhases = (
				264978692E13B439002A4B7B /* Sources */,
				2649786A2E13B439002A4B7B /* Frameworks */,
				2649786B2E13B439002A4B7B /* Resources */,
			);
			buildRules = (
			);
			dependencies = (
				2649786F2E13B439002A4B7B /* PBXTargetDependency */,
			);
			fileSystemSynchronizedGroups = (
				264978702E13B439002A4B7B /* TravelPlannerTests */,
			);
			name = TravelPlannerTests;
			packageProductDependencies = (
			);
			productName = TravelPlannerTests;
			productReference = 2649786D2E13B439002A4B7B /* TravelPlannerTests.xctest */;
			productType = "com.apple.product-type.bundle.unit-test";
		};
		264978762E13B439002A4B7B /* TravelPlannerUITests */ = {
			isa = PBXNativeTarget;
			buildConfigurationList = 264978872E13B439002A4B7B /* Build configuration list for PBXNativeTarget "TravelPlannerUITests" */;
			buildPhases = (
				264978732E13B439002A4B7B /* Sources */,
				264978742E13B439002A4B7B /* Frameworks */,
				264978752E13B439002A4B7B /* Resources */,
			);
			buildRules = (
			);
			dependencies = (
				264978792E13B439002A4B7B /* PBXTargetDependency */,
			);
			fileSystemSynchronizedGroups = (
				2649787A2E13B439002A4B7B /* TravelPlannerUITests */,
			);
			name = TravelPlannerUITests;
			packageProductDependencies = (
			);
			productName = TravelPlannerUITests;
			productReference = 264978772E13B439002A4B7B /* TravelPlannerUITests.xctest */;
			productType = "com.apple.product-type.bundle.ui-testing";
		};
/* End PBXNativeTarget section */

/* Begin PBXProject section */
		264978582E13B439002A4B7B /* Project object */ = {
			isa = PBXProject;
			attributes = {
				BuildIndependentTargetsInParallel = 1;
				LastSwiftUpdateCheck = 1630;
				LastUpgradeCheck = 1630;
				TargetAttributes = {
					2649785F2E13B439002A4B7B = {
						CreatedOnToolsVersion = 16.3;
					};
					2649786C2E13B439002A4B7B = {
						CreatedOnToolsVersion = 16.3;
						TestTargetID = 2649785F2E13B439002A4B7B;
					};
					264978762E13B439002A4B7B = {
						CreatedOnToolsVersion = 16.3;
						TestTargetID = 2649785F2E13B439002A4B7B;
					};
				};
			};
			buildConfigurationList = 2649785B2E13B439002A4B7B /* Build configuration list for PBXProject "TravelPlanner" */;
			developmentRegion = en;
			hasScannedForEncodings = 0;
			knownRegions = (
				en,
				Base,
			);
			mainGroup = 264978572E13B439002A4B7B;
			minimizedProjectReferenceProxies = 1;
			packageReferences = (
				2649793D2E193554002A4B7B /* XCRemoteSwiftPackageReference "ChartView" */,
				264979432E193940002A4B7B /* XCRemoteSwiftPackageReference "Charts" */,
				26DB83252E27AEA100BF6F0F /* XCRemoteSwiftPackageReference "lottie-ios" */,
				26DB83362E29477100BF6F0F /* XCRemoteSwiftPackageReference "WaterfallGrid" */,
				26302ACB2E45DC36002DAAB1 /* XCRemoteSwiftPackageReference "cloudinary_ios" */,
				26302AD62E466AD6002DAAB1 /* XCRemoteSwiftPackageReference "Starscream" */,
				26302AD92E4715E6002DAAB1 /* XCRemoteSwiftPackageReference "Cache" */,
				26302ADC2E476168002DAAB1 /* XCRemoteSwiftPackageReference "socket" */,
				266283F22E82A1AC001D9DFA /* XCRemoteSwiftPackageReference "SDWebImageSwiftUI" */,
			);
			preferredProjectObjectVersion = 77;
			productRefGroup = 264978612E13B439002A4B7B /* Products */;
			projectDirPath = "";
			projectRoot = "";
			targets = (
				2649785F2E13B439002A4B7B /* TravelPlanner */,
				2649786C2E13B439002A4B7B /* TravelPlannerTests */,
				264978762E13B439002A4B7B /* TravelPlannerUITests */,
			);
		};
/* End PBXProject section */

/* Begin PBXResourcesBuildPhase section */
		2649785E2E13B439002A4B7B /* Resources */ = {
			isa = PBXResourcesBuildPhase;
			buildActionMask = 2147483647;
			files = (
				26A257532E51CD4B008858F5 /* .gitignore in Resources */,
			);
			runOnlyForDeploymentPostprocessing = 0;
		};
		2649786B2E13B439002A4B7B /* Resources */ = {
			isa = PBXResourcesBuildPhase;
			buildActionMask = 2147483647;
			files = (
			);
			runOnlyForDeploymentPostprocessing = 0;
		};
		264978752E13B439002A4B7B /* Resources */ = {
			isa = PBXResourcesBuildPhase;
			buildActionMask = 2147483647;
			files = (
			);
			runOnlyForDeploymentPostprocessing = 0;
		};
/* End PBXResourcesBuildPhase section */

/* Begin PBXSourcesBuildPhase section */
		2649785C2E13B439002A4B7B /* Sources */ = {
			isa = PBXSourcesBuildPhase;
			buildActionMask = 2147483647;
			files = (
			);
			runOnlyForDeploymentPostprocessing = 0;
		};
		264978692E13B439002A4B7B /* Sources */ = {
			isa = PBXSourcesBuildPhase;
			buildActionMask = 2147483647;
			files = (
			);
			runOnlyForDeploymentPostprocessing = 0;
		};
		264978732E13B439002A4B7B /* Sources */ = {
			isa = PBXSourcesBuildPhase;
			buildActionMask = 2147483647;
			files = (
			);
			runOnlyForDeploymentPostprocessing = 0;
		};
/* End PBXSourcesBuildPhase section */

/* Begin PBXTargetDependency section */
		2649786F2E13B439002A4B7B /* PBXTargetDependency */ = {
			isa = PBXTargetDependency;
			target = 2649785F2E13B439002A4B7B /* TravelPlanner */;
			targetProxy = 2649786E2E13B439002A4B7B /* PBXContainerItemProxy */;
		};
		264978792E13B439002A4B7B /* PBXTargetDependency */ = {
			isa = PBXTargetDependency;
			target = 2649785F2E13B439002A4B7B /* TravelPlanner */;
			targetProxy = 264978782E13B439002A4B7B /* PBXContainerItemProxy */;
		};
/* End PBXTargetDependency section */

/* Begin XCBuildConfiguration section */
		2649787F2E13B439002A4B7B /* Debug */ = {
			isa = XCBuildConfiguration;
			baseConfigurationReferenceAnchor = 264978622E13B439002A4B7B /* TravelPlanner */;
			baseConfigurationReferenceRelativePath = Secrets.xcconfig;
			buildSettings = {
				ALWAYS_SEARCH_USER_PATHS = NO;
				ASSETCATALOG_COMPILER_GENERATE_SWIFT_ASSET_SYMBOL_EXTENSIONS = YES;
				CLANG_ANALYZER_NONNULL = YES;
				CLANG_ANALYZER_NUMBER_OBJECT_CONVERSION = YES_AGGRESSIVE;
				CLANG_CXX_LANGUAGE_STANDARD = "gnu++20";
				CLANG_ENABLE_MODULES = YES;
				CLANG_ENABLE_OBJC_ARC = YES;
				CLANG_ENABLE_OBJC_WEAK = YES;
				CLANG_WARN_BLOCK_CAPTURE_AUTORELEASING = YES;
				CLANG_WARN_BOOL_CONVERSION = YES;
				CLANG_WARN_COMMA = YES;
				CLANG_WARN_CONSTANT_CONVERSION = YES;
				CLANG_WARN_DEPRECATED_OBJC_IMPLEMENTATIONS = YES;
				CLANG_WARN_DIRECT_OBJC_ISA_USAGE = YES_ERROR;
				CLANG_WARN_DOCUMENTATION_COMMENTS = YES;
				CLANG_WARN_EMPTY_BODY = YES;
				CLANG_WARN_ENUM_CONVERSION = YES;
				CLANG_WARN_INFINITE_RECURSION = YES;
				CLANG_WARN_INT_CONVERSION = YES;
				CLANG_WARN_NON_LITERAL_NULL_CONVERSION = YES;
				CLANG_WARN_OBJC_IMPLICIT_RETAIN_SELF = YES;
				CLANG_WARN_OBJC_LITERAL_CONVERSION = YES;
				CLANG_WARN_OBJC_ROOT_CLASS = YES_ERROR;
				CLANG_WARN_QUOTED_INCLUDE_IN_FRAMEWORK_HEADER = YES;
				CLANG_WARN_RANGE_LOOP_ANALYSIS = YES;
				CLANG_WARN_STRICT_PROTOTYPES = YES;
				CLANG_WARN_SUSPICIOUS_MOVE = YES;
				CLANG_WARN_UNGUARDED_AVAILABILITY = YES_AGGRESSIVE;
				CLANG_WARN_UNREACHABLE_CODE = YES;
				CLANG_WARN__DUPLICATE_METHOD_MATCH = YES;
				COPY_PHASE_STRIP = NO;
				DEBUG_INFORMATION_FORMAT = dwarf;
				ENABLE_STRICT_OBJC_MSGSEND = YES;
				ENABLE_TESTABILITY = YES;
				ENABLE_USER_SCRIPT_SANDBOXING = YES;
				GCC_C_LANGUAGE_STANDARD = gnu17;
				GCC_DYNAMIC_NO_PIC = NO;
				GCC_NO_COMMON_BLOCKS = YES;
				GCC_OPTIMIZATION_LEVEL = 0;
				GCC_PREPROCESSOR_DEFINITIONS = (
					"DEBUG=1",
					"$(inherited)",
				);
				GCC_WARN_64_TO_32_BIT_CONVERSION = YES;
				GCC_WARN_ABOUT_RETURN_TYPE = YES_ERROR;
				GCC_WARN_UNDECLARED_SELECTOR = YES;
				GCC_WARN_UNINITIALIZED_AUTOS = YES_AGGRESSIVE;
				GCC_WARN_UNUSED_FUNCTION = YES;
				GCC_WARN_UNUSED_VARIABLE = YES;
				IPHONEOS_DEPLOYMENT_TARGET = 18.4;
				LOCALIZATION_PREFERS_STRING_CATALOGS = YES;
				MTL_ENABLE_DEBUG_INFO = INCLUDE_SOURCE;
				MTL_FAST_MATH = YES;
				ONLY_ACTIVE_ARCH = YES;
				SDKROOT = iphoneos;
				SWIFT_ACTIVE_COMPILATION_CONDITIONS = "DEBUG $(inherited)";
				SWIFT_OPTIMIZATION_LEVEL = "-Onone";
			};
			name = Debug;
		};
		264978802E13B439002A4B7B /* Release */ = {
			isa = XCBuildConfiguration;
			baseConfigurationReferenceAnchor = 264978622E13B439002A4B7B /* TravelPlanner */;
			baseConfigurationReferenceRelativePath = Secrets.xcconfig;
			buildSettings = {
				ALWAYS_SEARCH_USER_PATHS = NO;
				ASSETCATALOG_COMPILER_GENERATE_SWIFT_ASSET_SYMBOL_EXTENSIONS = YES;
				CLANG_ANALYZER_NONNULL = YES;
				CLANG_ANALYZER_NUMBER_OBJECT_CONVERSION = YES_AGGRESSIVE;
				CLANG_CXX_LANGUAGE_STANDARD = "gnu++20";
				CLANG_ENABLE_MODULES = YES;
				CLANG_ENABLE_OBJC_ARC = YES;
				CLANG_ENABLE_OBJC_WEAK = YES;
				CLANG_WARN_BLOCK_CAPTURE_AUTORELEASING = YES;
				CLANG_WARN_BOOL_CONVERSION = YES;
				CLANG_WARN_COMMA = YES;
				CLANG_WARN_CONSTANT_CONVERSION = YES;
				CLANG_WARN_DEPRECATED_OBJC_IMPLEMENTATIONS = YES;
				CLANG_WARN_DIRECT_OBJC_ISA_USAGE = YES_ERROR;
				CLANG_WARN_DOCUMENTATION_COMMENTS = YES;
				CLANG_WARN_EMPTY_BODY = YES;
				CLANG_WARN_ENUM_CONVERSION = YES;
				CLANG_WARN_INFINITE_RECURSION = YES;
				CLANG_WARN_INT_CONVERSION = YES;
				CLANG_WARN_NON_LITERAL_NULL_CONVERSION = YES;
				CLANG_WARN_OBJC_IMPLICIT_RETAIN_SELF = YES;
				CLANG_WARN_OBJC_LITERAL_CONVERSION = YES;
				CLANG_WARN_OBJC_ROOT_CLASS = YES_ERROR;
				CLANG_WARN_QUOTED_INCLUDE_IN_FRAMEWORK_HEADER = YES;
				CLANG_WARN_RANGE_LOOP_ANALYSIS = YES;
				CLANG_WARN_STRICT_PROTOTYPES = YES;
				CLANG_WARN_SUSPICIOUS_MOVE = YES;
				CLANG_WARN_UNGUARDED_AVAILABILITY = YES_AGGRESSIVE;
				CLANG_WARN_UNREACHABLE_CODE = YES;
				CLANG_WARN__DUPLICATE_METHOD_MATCH = YES;
				COPY_PHASE_STRIP = NO;
				DEBUG_INFORMATION_FORMAT = "dwarf-with-dsym";
				ENABLE_NS_ASSERTIONS = NO;
				ENABLE_STRICT_OBJC_MSGSEND = YES;
				ENABLE_USER_SCRIPT_SANDBOXING = YES;
				GCC_C_LANGUAGE_STANDARD = gnu17;
				GCC_NO_COMMON_BLOCKS = YES;
				GCC_WARN_64_TO_32_BIT_CONVERSION = YES;
				GCC_WARN_ABOUT_RETURN_TYPE = YES_ERROR;
				GCC_WARN_UNDECLARED_SELECTOR = YES;
				GCC_WARN_UNINITIALIZED_AUTOS = YES_AGGRESSIVE;
				GCC_WARN_UNUSED_FUNCTION = YES;
				GCC_WARN_UNUSED_VARIABLE = YES;
				IPHONEOS_DEPLOYMENT_TARGET = 18.4;
				LOCALIZATION_PREFERS_STRING_CATALOGS = YES;
				MTL_ENABLE_DEBUG_INFO = NO;
				MTL_FAST_MATH = YES;
				SDKROOT = iphoneos;
				SWIFT_COMPILATION_MODE = wholemodule;
				VALIDATE_PRODUCT = YES;
			};
			name = Release;
		};
		264978822E13B439002A4B7B /* Debug */ = {
			isa = XCBuildConfiguration;
			baseConfigurationReferenceAnchor = 264978622E13B439002A4B7B /* TravelPlanner */;
			baseConfigurationReferenceRelativePath = Secrets.xcconfig;
			buildSettings = {
				ASSETCATALOG_COMPILER_APPICON_NAME = AppIcon;
				ASSETCATALOG_COMPILER_GLOBAL_ACCENT_COLOR_NAME = AccentColor;
				CODE_SIGN_STYLE = Automatic;
				CURRENT_PROJECT_VERSION = 1;
				DEVELOPMENT_TEAM = D88T349JHV;
				ENABLE_PREVIEWS = YES;
				GENERATE_INFOPLIST_FILE = YES;
				INFOPLIST_FILE = TravelPlanner/Info.plist;
				INFOPLIST_KEY_CFBundleDisplayName = "Travel Planner";
				INFOPLIST_KEY_UIApplicationSceneManifest_Generation = YES;
				INFOPLIST_KEY_UIApplicationSupportsIndirectInputEvents = YES;
				INFOPLIST_KEY_UILaunchScreen_Generation = YES;
				INFOPLIST_KEY_UIStatusBarStyle = "";
				INFOPLIST_KEY_UISupportedInterfaceOrientations_iPad = "UIInterfaceOrientationPortrait UIInterfaceOrientationPortraitUpsideDown UIInterfaceOrientationLandscapeLeft UIInterfaceOrientationLandscapeRight";
				INFOPLIST_KEY_UISupportedInterfaceOrientations_iPhone = "UIInterfaceOrientationPortrait UIInterfaceOrientationLandscapeLeft UIInterfaceOrientationLandscapeRight";
				LD_RUNPATH_SEARCH_PATHS = (
					"$(inherited)",
					"@executable_path/Frameworks",
				);
				MARKETING_VERSION = 1.0;
				PRODUCT_BUNDLE_IDENTIFIER = com.codewithH.TravelPlanner;
				PRODUCT_NAME = "$(TARGET_NAME)";
				SWIFT_EMIT_LOC_STRINGS = YES;
				SWIFT_VERSION = 5.0;
				TARGETED_DEVICE_FAMILY = "1,2";
			};
			name = Debug;
		};
		264978832E13B439002A4B7B /* Release */ = {
			isa = XCBuildConfiguration;
			baseConfigurationReferenceAnchor = 264978622E13B439002A4B7B /* TravelPlanner */;
			baseConfigurationReferenceRelativePath = Secrets.xcconfig;
			buildSettings = {
				ASSETCATALOG_COMPILER_APPICON_NAME = AppIcon;
				ASSETCATALOG_COMPILER_GLOBAL_ACCENT_COLOR_NAME = AccentColor;
				CODE_SIGN_STYLE = Automatic;
				CURRENT_PROJECT_VERSION = 1;
				DEVELOPMENT_TEAM = D88T349JHV;
				ENABLE_PREVIEWS = YES;
				GENERATE_INFOPLIST_FILE = YES;
				INFOPLIST_FILE = TravelPlanner/Info.plist;
				INFOPLIST_KEY_CFBundleDisplayName = "Travel Planner";
				INFOPLIST_KEY_UIApplicationSceneManifest_Generation = YES;
				INFOPLIST_KEY_UIApplicationSupportsIndirectInputEvents = YES;
				INFOPLIST_KEY_UILaunchScreen_Generation = YES;
				INFOPLIST_KEY_UIStatusBarStyle = "";
				INFOPLIST_KEY_UISupportedInterfaceOrientations_iPad = "UIInterfaceOrientationPortrait UIInterfaceOrientationPortraitUpsideDown UIInterfaceOrientationLandscapeLeft UIInterfaceOrientationLandscapeRight";
				INFOPLIST_KEY_UISupportedInterfaceOrientations_iPhone = "UIInterfaceOrientationPortrait UIInterfaceOrientationLandscapeLeft UIInterfaceOrientationLandscapeRight";
				LD_RUNPATH_SEARCH_PATHS = (
					"$(inherited)",
					"@executable_path/Frameworks",
				);
				MARKETING_VERSION = 1.0;
				PRODUCT_BUNDLE_IDENTIFIER = com.codewithH.TravelPlanner;
				PRODUCT_NAME = "$(TARGET_NAME)";
				SWIFT_EMIT_LOC_STRINGS = YES;
				SWIFT_VERSION = 5.0;
				TARGETED_DEVICE_FAMILY = "1,2";
			};
			name = Release;
		};
		264978852E13B439002A4B7B /* Debug */ = {
			isa = XCBuildConfiguration;
			buildSettings = {
				BUNDLE_LOADER = "$(TEST_HOST)";
				CODE_SIGN_STYLE = Automatic;
				CURRENT_PROJECT_VERSION = 1;
				GENERATE_INFOPLIST_FILE = YES;
				IPHONEOS_DEPLOYMENT_TARGET = 18.4;
				MARKETING_VERSION = 1.0;
				PRODUCT_BUNDLE_IDENTIFIER = com.codewithH.TravelPlannerTests;
				PRODUCT_NAME = "$(TARGET_NAME)";
				SWIFT_EMIT_LOC_STRINGS = NO;
				SWIFT_VERSION = 5.0;
				TARGETED_DEVICE_FAMILY = "1,2";
				TEST_HOST = "$(BUILT_PRODUCTS_DIR)/TravelPlanner.app/$(BUNDLE_EXECUTABLE_FOLDER_PATH)/TravelPlanner";
			};
			name = Debug;
		};
		264978862E13B439002A4B7B /* Release */ = {
			isa = XCBuildConfiguration;
			buildSettings = {
				BUNDLE_LOADER = "$(TEST_HOST)";
				CODE_SIGN_STYLE = Automatic;
				CURRENT_PROJECT_VERSION = 1;
				GENERATE_INFOPLIST_FILE = YES;
				IPHONEOS_DEPLOYMENT_TARGET = 18.4;
				MARKETING_VERSION = 1.0;
				PRODUCT_BUNDLE_IDENTIFIER = com.codewithH.TravelPlannerTests;
				PRODUCT_NAME = "$(TARGET_NAME)";
				SWIFT_EMIT_LOC_STRINGS = NO;
				SWIFT_VERSION = 5.0;
				TARGETED_DEVICE_FAMILY = "1,2";
				TEST_HOST = "$(BUILT_PRODUCTS_DIR)/TravelPlanner.app/$(BUNDLE_EXECUTABLE_FOLDER_PATH)/TravelPlanner";
			};
			name = Release;
		};
		264978882E13B439002A4B7B /* Debug */ = {
			isa = XCBuildConfiguration;
			buildSettings = {
				CODE_SIGN_STYLE = Automatic;
				CURRENT_PROJECT_VERSION = 1;
				GENERATE_INFOPLIST_FILE = YES;
				MARKETING_VERSION = 1.0;
				PRODUCT_BUNDLE_IDENTIFIER = com.codewithH.TravelPlannerUITests;
				PRODUCT_NAME = "$(TARGET_NAME)";
				SWIFT_EMIT_LOC_STRINGS = NO;
				SWIFT_VERSION = 5.0;
				TARGETED_DEVICE_FAMILY = "1,2";
				TEST_TARGET_NAME = TravelPlanner;
			};
			name = Debug;
		};
		264978892E13B439002A4B7B /* Release */ = {
			isa = XCBuildConfiguration;
			buildSettings = {
				CODE_SIGN_STYLE = Automatic;
				CURRENT_PROJECT_VERSION = 1;
				GENERATE_INFOPLIST_FILE = YES;
				MARKETING_VERSION = 1.0;
				PRODUCT_BUNDLE_IDENTIFIER = com.codewithH.TravelPlannerUITests;
				PRODUCT_NAME = "$(TARGET_NAME)";
				SWIFT_EMIT_LOC_STRINGS = NO;
				SWIFT_VERSION = 5.0;
				TARGETED_DEVICE_FAMILY = "1,2";
				TEST_TARGET_NAME = TravelPlanner;
			};
			name = Release;
		};
/* End XCBuildConfiguration section */

/* Begin XCConfigurationList section */
		2649785B2E13B439002A4B7B /* Build configuration list for PBXProject "TravelPlanner" */ = {
			isa = XCConfigurationList;
			buildConfigurations = (
				2649787F2E13B439002A4B7B /* Debug */,
				264978802E13B439002A4B7B /* Release */,
			);
			defaultConfigurationIsVisible = 0;
			defaultConfigurationName = Release;
		};
		264978812E13B439002A4B7B /* Build configuration list for PBXNativeTarget "TravelPlanner" */ = {
			isa = XCConfigurationList;
			buildConfigurations = (
				264978822E13B439002A4B7B /* Debug */,
				264978832E13B439002A4B7B /* Release */,
			);
			defaultConfigurationIsVisible = 0;
			defaultConfigurationName = Release;
		};
		264978842E13B439002A4B7B /* Build configuration list for PBXNativeTarget "TravelPlannerTests" */ = {
			isa = XCConfigurationList;
			buildConfigurations = (
				264978852E13B439002A4B7B /* Debug */,
				264978862E13B439002A4B7B /* Release */,
			);
			defaultConfigurationIsVisible = 0;
			defaultConfigurationName = Release;
		};
		264978872E13B439002A4B7B /* Build configuration list for PBXNativeTarget "TravelPlannerUITests" */ = {
			isa = XCConfigurationList;
			buildConfigurations = (
				264978882E13B439002A4B7B /* Debug */,
				264978892E13B439002A4B7B /* Release */,
			);
			defaultConfigurationIsVisible = 0;
			defaultConfigurationName = Release;
		};
/* End XCConfigurationList section */

/* Begin XCRemoteSwiftPackageReference section */
		26302ACB2E45DC36002DAAB1 /* XCRemoteSwiftPackageReference "cloudinary_ios" */ = {
			isa = XCRemoteSwiftPackageReference;
			repositoryURL = "https://github.com/cloudinary/cloudinary_ios";
			requirement = {
				kind = upToNextMajorVersion;
				minimumVersion = 5.2.2;
			};
		};
		26302AD62E466AD6002DAAB1 /* XCRemoteSwiftPackageReference "Starscream" */ = {
			isa = XCRemoteSwiftPackageReference;
			repositoryURL = "https://github.com/daltoniam/Starscream.git";
			requirement = {
				kind = upToNextMajorVersion;
				minimumVersion = 4.0.8;
			};
		};
		26302AD92E4715E6002DAAB1 /* XCRemoteSwiftPackageReference "Cache" */ = {
			isa = XCRemoteSwiftPackageReference;
			repositoryURL = "https://github.com/hyperoslo/Cache.git";
			requirement = {
				kind = upToNextMajorVersion;
				minimumVersion = 7.4.0;
			};
		};
		26302ADC2E476168002DAAB1 /* XCRemoteSwiftPackageReference "socket" */ = {
			isa = XCRemoteSwiftPackageReference;
			repositoryURL = "https://github.com/socketio/socket.io-client-swift";
			requirement = {
				branch = master;
				kind = branch;
			};
		};
		2649793D2E193554002A4B7B /* XCRemoteSwiftPackageReference "ChartView" */ = {
			isa = XCRemoteSwiftPackageReference;
			repositoryURL = "https://github.com/AppPear/ChartView";
			requirement = {
				kind = upToNextMajorVersion;
				minimumVersion = 1.5.5;
			};
		};
		264979432E193940002A4B7B /* XCRemoteSwiftPackageReference "Charts" */ = {
			isa = XCRemoteSwiftPackageReference;
			repositoryURL = "https://github.com/danielgindi/Charts";
			requirement = {
				kind = upToNextMajorVersion;
				minimumVersion = 5.1.0;
			};
		};
		266283F22E82A1AC001D9DFA /* XCRemoteSwiftPackageReference "SDWebImageSwiftUI" */ = {
			isa = XCRemoteSwiftPackageReference;
			repositoryURL = "https://github.com/SDWebImage/SDWebImageSwiftUI";
			requirement = {
				kind = upToNextMajorVersion;
				minimumVersion = 3.1.3;
			};
		};
		26DB83252E27AEA100BF6F0F /* XCRemoteSwiftPackageReference "lottie-ios" */ = {
			isa = XCRemoteSwiftPackageReference;
			repositoryURL = "https://github.com/airbnb/lottie-ios.git";
			requirement = {
				kind = upToNextMajorVersion;
				minimumVersion = 4.5.2;
			};
		};
		26DB83362E29477100BF6F0F /* XCRemoteSwiftPackageReference "WaterfallGrid" */ = {
			isa = XCRemoteSwiftPackageReference;
			repositoryURL = "https://github.com/paololeonardi/WaterfallGrid";
			requirement = {
				kind = upToNextMajorVersion;
				minimumVersion = 1.1.0;
			};
		};
/* End XCRemoteSwiftPackageReference section */

/* Begin XCSwiftPackageProductDependency section */
		26302ACC2E45DC36002DAAB1 /* Cloudinary */ = {
			isa = XCSwiftPackageProductDependency;
			package = 26302ACB2E45DC36002DAAB1 /* XCRemoteSwiftPackageReference "cloudinary_ios" */;
			productName = Cloudinary;
		};
		26302AD72E466AD6002DAAB1 /* Starscream */ = {
			isa = XCSwiftPackageProductDependency;
			package = 26302AD62E466AD6002DAAB1 /* XCRemoteSwiftPackageReference "Starscream" */;
			productName = Starscream;
		};
		26302ADA2E4715E6002DAAB1 /* Cache */ = {
			isa = XCSwiftPackageProductDependency;
			package = 26302AD92E4715E6002DAAB1 /* XCRemoteSwiftPackageReference "Cache" */;
			productName = Cache;
		};
		26302ADD2E476168002DAAB1 /* SocketIO */ = {
			isa = XCSwiftPackageProductDependency;
			package = 26302ADC2E476168002DAAB1 /* XCRemoteSwiftPackageReference "socket" */;
			productName = SocketIO;
		};
		2649793E2E193554002A4B7B /* SwiftUICharts */ = {
			isa = XCSwiftPackageProductDependency;
			package = 2649793D2E193554002A4B7B /* XCRemoteSwiftPackageReference "ChartView" */;
			productName = SwiftUICharts;
		};
		264979442E193940002A4B7B /* DGCharts */ = {
			isa = XCSwiftPackageProductDependency;
			package = 264979432E193940002A4B7B /* XCRemoteSwiftPackageReference "Charts" */;
			productName = DGCharts;
		};
		266283F32E82A1AC001D9DFA /* SDWebImageSwiftUI */ = {
			isa = XCSwiftPackageProductDependency;
			package = 266283F22E82A1AC001D9DFA /* XCRemoteSwiftPackageReference "SDWebImageSwiftUI" */;
			productName = SDWebImageSwiftUI;
		};
		26DB83262E27AEA100BF6F0F /* Lottie */ = {
			isa = XCSwiftPackageProductDependency;
			package = 26DB83252E27AEA100BF6F0F /* XCRemoteSwiftPackageReference "lottie-ios" */;
			productName = Lottie;
		};
		26DB83372E29477100BF6F0F /* WaterfallGrid */ = {
			isa = XCSwiftPackageProductDependency;
			package = 26DB83362E29477100BF6F0F /* XCRemoteSwiftPackageReference "WaterfallGrid" */;
			productName = WaterfallGrid;
		};
/* End XCSwiftPackageProductDependency section */
	};
	rootObject = 264978582E13B439002A4B7B /* Project object */;
}
